
Microsoft Visual Studio Solution File, Format Version 12.00
# Visual Studio Version 17
VisualStudioVersion = 17.8.34525.116
MinimumVisualStudioVersion = 10.0.40219.1
Project("{FAE04EC0-301F-11D3-BF4B-00C04F79EFBC}") = "WCF_1_kliens", "WCF_1_kliens\WCF_1_kliens.csproj", "{C54D9126-56BC-4644-B49F-D1B9CC95B593}"
EndProject
Global
	GlobalSection(SolutionConfigurationPlatforms) = preSolution
		Debug|Any CPU = Debug|Any CPU
		Release|Any CPU = Release|Any CPU
	EndGlobalSection
	GlobalSection(ProjectConfigurationPlatforms) = postSolution
		{C54D9126-56BC-4644-B49F-D1B9CC95B593}.Debug|Any CPU.ActiveCfg = Debug|Any CPU
		{C54D9126-56BC-4644-B49F-D1B9CC95B593}.Debug|Any CPU.Build.0 = Debug|Any CPU
		{C54D9126-56BC-4644-B49F-D1B9CC95B593}.Release|Any CPU.ActiveCfg = Release|Any CPU
		{C54D9126-56BC-4644-B49F-D1B9CC95B593}.Release|Any CPU.Build.0 = Release|Any CPU
	EndGlobalSection
	GlobalSection(SolutionProperties) = preSolution
		HideSolutionNode = FALSE
	EndGlobalSection
	GlobalSection(ExtensibilityGlobals) = postSolution
		SolutionGuid = {90D95C36-6187-4D3C-9DDB-BD8B6937D10B}
	EndGlobalSection
EndGlobal
